// !$*UTF8*$!
{
	archiveVersion = 1;
	classes = {
	};
	objectVersion = 56;
	objects = {

/* Begin PBXBuildFile section */
		008E4CD792BD94F92606A176 /* Pods_Yummy_App.framework in Frameworks */ = {isa = PBXBuildFile; fileRef = B3AEE7F1769A9D342A29076D /* Pods_Yummy_App.framework */; };
		4B50C53029A3D1A40058D1CE /* WelcomeVCViewController.swift in Sources */ = {isa = PBXBuildFile; fileRef = 4B50C52F29A3D1A40058D1CE /* WelcomeVCViewController.swift */; };
		4B50C53429A3D6FB0058D1CE /* OnboardingView.swift in Sources */ = {isa = PBXBuildFile; fileRef = 4B50C53329A3D6FB0058D1CE /* OnboardingView.swift */; };
		4B50C56E29A3DD0A0058D1CE /* Strings.swift in Sources */ = {isa = PBXBuildFile; fileRef = 4B50C56B29A3DD0A0058D1CE /* Strings.swift */; };
		4B50C56F29A3DD0A0058D1CE /* Fonts.swift in Sources */ = {isa = PBXBuildFile; fileRef = 4B50C56C29A3DD0A0058D1CE /* Fonts.swift */; };
		4B50C57029A3DD0A0058D1CE /* XCAssets+Image+Generated.swift in Sources */ = {isa = PBXBuildFile; fileRef = 4B50C56D29A3DD0A0058D1CE /* XCAssets+Image+Generated.swift */; };
		4B50C57229A3DE100058D1CE /* Custom fonts.swift in Sources */ = {isa = PBXBuildFile; fileRef = 4B50C57129A3DE100058D1CE /* Custom fonts.swift */; };
		4B9862D429A3E1E200FE406A /* Labrada-SemiBold.ttf in Resources */ = {isa = PBXBuildFile; fileRef = 4B9862CE29A3E1E200FE406A /* Labrada-SemiBold.ttf */; };
		4B9862D529A3E1E200FE406A /* Labrada-Regular.ttf in Resources */ = {isa = PBXBuildFile; fileRef = 4B9862CF29A3E1E200FE406A /* Labrada-Regular.ttf */; };
		4B9862D629A3E1E200FE406A /* Labrada-Medium.ttf in Resources */ = {isa = PBXBuildFile; fileRef = 4B9862D029A3E1E200FE406A /* Labrada-Medium.ttf */; };
		4B9862D729A3E1E200FE406A /* Labrada-Bold.ttf in Resources */ = {isa = PBXBuildFile; fileRef = 4B9862D129A3E1E200FE406A /* Labrada-Bold.ttf */; };
		4B9862D829A3E1E200FE406A /* OFL.txt in Resources */ = {isa = PBXBuildFile; fileRef = 4B9862D229A3E1E200FE406A /* OFL.txt */; };
		4B9862D929A3E1E200FE406A /* README.txt in Resources */ = {isa = PBXBuildFile; fileRef = 4B9862D329A3E1E200FE406A /* README.txt */; };
		4B9862DB29A3E24E00FE406A /* Optional.swift in Sources */ = {isa = PBXBuildFile; fileRef = 4B9862DA29A3E24E00FE406A /* Optional.swift */; };
		4B9862DD29A3E46100FE406A /* CapsuleButton.swift in Sources */ = {isa = PBXBuildFile; fileRef = 4B9862DC29A3E46100FE406A /* CapsuleButton.swift */; };
		4B9B344F29A239CD0006710C /* AppDelegate.swift in Sources */ = {isa = PBXBuildFile; fileRef = 4B9B344E29A239CD0006710C /* AppDelegate.swift */; };
		4B9B345129A239CD0006710C /* SceneDelegate.swift in Sources */ = {isa = PBXBuildFile; fileRef = 4B9B345029A239CD0006710C /* SceneDelegate.swift */; };
		4B9B345329A239CD0006710C /* HomeVC.swift in Sources */ = {isa = PBXBuildFile; fileRef = 4B9B345229A239CD0006710C /* HomeVC.swift */; };
		4B9B345829A239CE0006710C /* Media.xcassets in Resources */ = {isa = PBXBuildFile; fileRef = 4B9B345729A239CE0006710C /* Media.xcassets */; };
		4B9B345B29A239CE0006710C /* LaunchScreen.storyboard in Resources */ = {isa = PBXBuildFile; fileRef = 4B9B345929A239CE0006710C /* LaunchScreen.storyboard */; };
		4BD2F3B829A34FE000126309 /* swiftgen.yml in Resources */ = {isa = PBXBuildFile; fileRef = 4BD2F3B729A34FE000126309 /* swiftgen.yml */; };
		4BDB8E2729A6657D00FA753F /* FoodCollectionView.swift in Sources */ = {isa = PBXBuildFile; fileRef = 4BDB8E2629A6657D00FA753F /* FoodCollectionView.swift */; };
		4BDB8E2C29A667FC00FA753F /* FoodCategoryCell.swift in Sources */ = {isa = PBXBuildFile; fileRef = 4BDB8E2B29A667FC00FA753F /* FoodCategoryCell.swift */; };
		4BDB8E2E29A6680A00FA753F /* PopularDishesCell.swift in Sources */ = {isa = PBXBuildFile; fileRef = 4BDB8E2D29A6680A00FA753F /* PopularDishesCell.swift */; };
		4BDB8E3029A6681900FA753F /* ChefsSpecialCell.swift in Sources */ = {isa = PBXBuildFile; fileRef = 4BDB8E2F29A6681900FA753F /* ChefsSpecialCell.swift */; };
		4BDB8E3229A6690300FA753F /* HeaderView.swift in Sources */ = {isa = PBXBuildFile; fileRef = 4BDB8E3129A6690300FA753F /* HeaderView.swift */; };
		4BDB8E3529A68AE200FA753F /* FoodCategory.swift in Sources */ = {isa = PBXBuildFile; fileRef = 4BDB8E3429A68AE200FA753F /* FoodCategory.swift */; };
		4BDB8E3729A68CA200FA753F /* String.swift in Sources */ = {isa = PBXBuildFile; fileRef = 4BDB8E3629A68CA200FA753F /* String.swift */; };
		4BDB8E3B29A6981900FA753F /* Dish.swift in Sources */ = {isa = PBXBuildFile; fileRef = 4BDB8E3A29A6981900FA753F /* Dish.swift */; };
		4BF1A57E29A3BE6700222116 /* Localizable.strings in Resources */ = {isa = PBXBuildFile; fileRef = 4BF1A58029A3BE6700222116 /* Localizable.strings */; };
		4BF1A58729A3C05300222116 /* Colors.xcassets in Resources */ = {isa = PBXBuildFile; fileRef = 4BF1A58629A3C05300222116 /* Colors.xcassets */; };
		4BF1A59029A3C89700222116 /* UIViewController.swift in Sources */ = {isa = PBXBuildFile; fileRef = 4BF1A58F29A3C89700222116 /* UIViewController.swift */; };
		4BF2AB9E29A506C2001AEF18 /* OnboardingSlide.swift in Sources */ = {isa = PBXBuildFile; fileRef = 4BF2AB9D29A506C2001AEF18 /* OnboardingSlide.swift */; };
		4BF2ABA429A50BFD001AEF18 /* OnboardingCell.swift in Sources */ = {isa = PBXBuildFile; fileRef = 4BF2ABA329A50BFD001AEF18 /* OnboardingCell.swift */; };
		4BF2ABA629A50C46001AEF18 /* Enums.swift in Sources */ = {isa = PBXBuildFile; fileRef = 4BF2ABA529A50C46001AEF18 /* Enums.swift */; };
		4BF2ABA829A50EB2001AEF18 /* Functions.swift in Sources */ = {isa = PBXBuildFile; fileRef = 4BF2ABA729A50EB2001AEF18 /* Functions.swift */; };
/* End PBXBuildFile section */

/* Begin PBXFileReference section */
		4B50C52F29A3D1A40058D1CE /* WelcomeVCViewController.swift */ = {isa = PBXFileReference; lastKnownFileType = sourcecode.swift; path = WelcomeVCViewController.swift; sourceTree = "<group>"; };
		4B50C53329A3D6FB0058D1CE /* OnboardingView.swift */ = {isa = PBXFileReference; lastKnownFileType = sourcecode.swift; path = OnboardingView.swift; sourceTree = "<group>"; };
		4B50C56B29A3DD0A0058D1CE /* Strings.swift */ = {isa = PBXFileReference; fileEncoding = 4; lastKnownFileType = sourcecode.swift; path = Strings.swift; sourceTree = "<group>"; };
		4B50C56C29A3DD0A0058D1CE /* Fonts.swift */ = {isa = PBXFileReference; fileEncoding = 4; lastKnownFileType = sourcecode.swift; path = Fonts.swift; sourceTree = "<group>"; };
		4B50C56D29A3DD0A0058D1CE /* XCAssets+Image+Generated.swift */ = {isa = PBXFileReference; fileEncoding = 4; lastKnownFileType = sourcecode.swift; path = "XCAssets+Image+Generated.swift"; sourceTree = "<group>"; };
		4B50C57129A3DE100058D1CE /* Custom fonts.swift */ = {isa = PBXFileReference; lastKnownFileType = sourcecode.swift; path = "Custom fonts.swift"; sourceTree = "<group>"; };
		4B9862CE29A3E1E200FE406A /* Labrada-SemiBold.ttf */ = {isa = PBXFileReference; lastKnownFileType = file; path = "Labrada-SemiBold.ttf"; sourceTree = "<group>"; };
		4B9862CF29A3E1E200FE406A /* Labrada-Regular.ttf */ = {isa = PBXFileReference; lastKnownFileType = file; path = "Labrada-Regular.ttf"; sourceTree = "<group>"; };
		4B9862D029A3E1E200FE406A /* Labrada-Medium.ttf */ = {isa = PBXFileReference; lastKnownFileType = file; path = "Labrada-Medium.ttf"; sourceTree = "<group>"; };
		4B9862D129A3E1E200FE406A /* Labrada-Bold.ttf */ = {isa = PBXFileReference; lastKnownFileType = file; path = "Labrada-Bold.ttf"; sourceTree = "<group>"; };
		4B9862D229A3E1E200FE406A /* OFL.txt */ = {isa = PBXFileReference; fileEncoding = 4; lastKnownFileType = text; path = OFL.txt; sourceTree = "<group>"; };
		4B9862D329A3E1E200FE406A /* README.txt */ = {isa = PBXFileReference; fileEncoding = 4; lastKnownFileType = text; path = README.txt; sourceTree = "<group>"; };
		4B9862DA29A3E24E00FE406A /* Optional.swift */ = {isa = PBXFileReference; lastKnownFileType = sourcecode.swift; path = Optional.swift; sourceTree = "<group>"; };
		4B9862DC29A3E46100FE406A /* CapsuleButton.swift */ = {isa = PBXFileReference; lastKnownFileType = sourcecode.swift; path = CapsuleButton.swift; sourceTree = "<group>"; };
		4B9B344B29A239CD0006710C /* Yummy_App.app */ = {isa = PBXFileReference; explicitFileType = wrapper.application; includeInIndex = 0; path = Yummy_App.app; sourceTree = BUILT_PRODUCTS_DIR; };
		4B9B344E29A239CD0006710C /* AppDelegate.swift */ = {isa = PBXFileReference; lastKnownFileType = sourcecode.swift; path = AppDelegate.swift; sourceTree = "<group>"; };
		4B9B345029A239CD0006710C /* SceneDelegate.swift */ = {isa = PBXFileReference; lastKnownFileType = sourcecode.swift; path = SceneDelegate.swift; sourceTree = "<group>"; };
		4B9B345229A239CD0006710C /* HomeVC.swift */ = {isa = PBXFileReference; lastKnownFileType = sourcecode.swift; path = HomeVC.swift; sourceTree = "<group>"; };
		4B9B345729A239CE0006710C /* Media.xcassets */ = {isa = PBXFileReference; lastKnownFileType = folder.assetcatalog; path = Media.xcassets; sourceTree = "<group>"; };
		4B9B345A29A239CE0006710C /* Base */ = {isa = PBXFileReference; lastKnownFileType = file.storyboard; name = Base; path = Base.lproj/LaunchScreen.storyboard; sourceTree = "<group>"; };
		4B9B345C29A239CE0006710C /* Info.plist */ = {isa = PBXFileReference; lastKnownFileType = text.plist.xml; path = Info.plist; sourceTree = "<group>"; };
		4BD2F3B729A34FE000126309 /* swiftgen.yml */ = {isa = PBXFileReference; fileEncoding = 4; lastKnownFileType = text.yaml; path = swiftgen.yml; sourceTree = "<group>"; };
		4BDB8E2629A6657D00FA753F /* FoodCollectionView.swift */ = {isa = PBXFileReference; lastKnownFileType = sourcecode.swift; path = FoodCollectionView.swift; sourceTree = "<group>"; };
		4BDB8E2B29A667FC00FA753F /* FoodCategoryCell.swift */ = {isa = PBXFileReference; lastKnownFileType = sourcecode.swift; path = FoodCategoryCell.swift; sourceTree = "<group>"; };
		4BDB8E2D29A6680A00FA753F /* PopularDishesCell.swift */ = {isa = PBXFileReference; lastKnownFileType = sourcecode.swift; path = PopularDishesCell.swift; sourceTree = "<group>"; };
		4BDB8E2F29A6681900FA753F /* ChefsSpecialCell.swift */ = {isa = PBXFileReference; lastKnownFileType = sourcecode.swift; path = ChefsSpecialCell.swift; sourceTree = "<group>"; };
		4BDB8E3129A6690300FA753F /* HeaderView.swift */ = {isa = PBXFileReference; lastKnownFileType = sourcecode.swift; path = HeaderView.swift; sourceTree = "<group>"; };
		4BDB8E3429A68AE200FA753F /* FoodCategory.swift */ = {isa = PBXFileReference; lastKnownFileType = sourcecode.swift; path = FoodCategory.swift; sourceTree = "<group>"; };
		4BDB8E3629A68CA200FA753F /* String.swift */ = {isa = PBXFileReference; lastKnownFileType = sourcecode.swift; path = String.swift; sourceTree = "<group>"; };
		4BDB8E3A29A6981900FA753F /* Dish.swift */ = {isa = PBXFileReference; lastKnownFileType = sourcecode.swift; path = Dish.swift; sourceTree = "<group>"; };
		4BF1A57F29A3BE6700222116 /* en */ = {isa = PBXFileReference; lastKnownFileType = text.plist.strings; name = en; path = en.lproj/Localizable.strings; sourceTree = "<group>"; };
		4BF1A58629A3C05300222116 /* Colors.xcassets */ = {isa = PBXFileReference; lastKnownFileType = folder.assetcatalog; path = Colors.xcassets; sourceTree = "<group>"; };
		4BF1A58929A3C60B00222116 /* tr */ = {isa = PBXFileReference; lastKnownFileType = text.plist.strings; name = tr; path = tr.lproj/Localizable.strings; sourceTree = "<group>"; };
		4BF1A58F29A3C89700222116 /* UIViewController.swift */ = {isa = PBXFileReference; lastKnownFileType = sourcecode.swift; path = UIViewController.swift; sourceTree = "<group>"; };
		4BF2AB9D29A506C2001AEF18 /* OnboardingSlide.swift */ = {isa = PBXFileReference; lastKnownFileType = sourcecode.swift; path = OnboardingSlide.swift; sourceTree = "<group>"; };
		4BF2ABA329A50BFD001AEF18 /* OnboardingCell.swift */ = {isa = PBXFileReference; lastKnownFileType = sourcecode.swift; path = OnboardingCell.swift; sourceTree = "<group>"; };
		4BF2ABA529A50C46001AEF18 /* Enums.swift */ = {isa = PBXFileReference; lastKnownFileType = sourcecode.swift; path = Enums.swift; sourceTree = "<group>"; };
		4BF2ABA729A50EB2001AEF18 /* Functions.swift */ = {isa = PBXFileReference; lastKnownFileType = sourcecode.swift; path = Functions.swift; sourceTree = "<group>"; };
		A8092748224EA5F2C8700903 /* Pods-Yummy_App.release.xcconfig */ = {isa = PBXFileReference; includeInIndex = 1; lastKnownFileType = text.xcconfig; name = "Pods-Yummy_App.release.xcconfig"; path = "Target Support Files/Pods-Yummy_App/Pods-Yummy_App.release.xcconfig"; sourceTree = "<group>"; };
		B3AEE7F1769A9D342A29076D /* Pods_Yummy_App.framework */ = {isa = PBXFileReference; explicitFileType = wrapper.framework; includeInIndex = 0; path = Pods_Yummy_App.framework; sourceTree = BUILT_PRODUCTS_DIR; };
		B658FC35432AB9257F3B49BD /* Pods-Yummy_App.debug.xcconfig */ = {isa = PBXFileReference; includeInIndex = 1; lastKnownFileType = text.xcconfig; name = "Pods-Yummy_App.debug.xcconfig"; path = "Target Support Files/Pods-Yummy_App/Pods-Yummy_App.debug.xcconfig"; sourceTree = "<group>"; };
/* End PBXFileReference section */

/* Begin PBXFrameworksBuildPhase section */
		4B9B344829A239CD0006710C /* Frameworks */ = {
			isa = PBXFrameworksBuildPhase;
			buildActionMask = 2147483647;
			files = (
				008E4CD792BD94F92606A176 /* Pods_Yummy_App.framework in Frameworks */,
			);
			runOnlyForDeploymentPostprocessing = 0;
		};
/* End PBXFrameworksBuildPhase section */

/* Begin PBXGroup section */
		4B50C52D29A3D17B0058D1CE /* Welcome page */ = {
			isa = PBXGroup;
			children = (
				4BF2AB9C29A506B3001AEF18 /* Model */,
				4B50C52E29A3D18B0058D1CE /* View */,
			);
			path = "Welcome page";
			sourceTree = "<group>";
		};
		4B50C52E29A3D18B0058D1CE /* View */ = {
			isa = PBXGroup;
			children = (
				4BF2ABA229A50BED001AEF18 /* Cells */,
				4B50C52F29A3D1A40058D1CE /* WelcomeVCViewController.swift */,
				4B50C53329A3D6FB0058D1CE /* OnboardingView.swift */,
			);
			path = View;
			sourceTree = "<group>";
		};
		4B50C53829A3D8C20058D1CE /* Constants */ = {
			isa = PBXGroup;
			children = (
				4BF2ABA729A50EB2001AEF18 /* Functions.swift */,
				4B50C57129A3DE100058D1CE /* Custom fonts.swift */,
				4BF2ABA529A50C46001AEF18 /* Enums.swift */,
			);
			path = Constants;
			sourceTree = "<group>";
		};
		4B50C56A29A3DD0A0058D1CE /* Generated */ = {
			isa = PBXGroup;
			children = (
				4B50C56B29A3DD0A0058D1CE /* Strings.swift */,
				4B50C56C29A3DD0A0058D1CE /* Fonts.swift */,
				4B50C56D29A3DD0A0058D1CE /* XCAssets+Image+Generated.swift */,
			);
			path = Generated;
			sourceTree = "<group>";
		};
		4B9862CB29A3E1D200FE406A /* Custom fonts */ = {
			isa = PBXGroup;
			children = (
				4B9862CC29A3E1E200FE406A /* Labrada */,
			);
			path = "Custom fonts";
			sourceTree = "<group>";
		};
		4B9862CC29A3E1E200FE406A /* Labrada */ = {
			isa = PBXGroup;
			children = (
				4B9862CD29A3E1E200FE406A /* static */,
				4B9862D229A3E1E200FE406A /* OFL.txt */,
				4B9862D329A3E1E200FE406A /* README.txt */,
			);
			name = Labrada;
			path = Yummy_App/Labrada;
			sourceTree = SOURCE_ROOT;
		};
		4B9862CD29A3E1E200FE406A /* static */ = {
			isa = PBXGroup;
			children = (
				4B9862CE29A3E1E200FE406A /* Labrada-SemiBold.ttf */,
				4B9862CF29A3E1E200FE406A /* Labrada-Regular.ttf */,
				4B9862D029A3E1E200FE406A /* Labrada-Medium.ttf */,
				4B9862D129A3E1E200FE406A /* Labrada-Bold.ttf */,
			);
			path = static;
			sourceTree = "<group>";
		};
		4B9B344229A239CD0006710C = {
			isa = PBXGroup;
			children = (
				4BD2F3B729A34FE000126309 /* swiftgen.yml */,
				4B9B344D29A239CD0006710C /* Yummy_App */,
				4B9B344C29A239CD0006710C /* Products */,
				9011DA4CF6BD41E002386766 /* Pods */,
				D7D2F65C3DB7EEA0F864B3BF /* Frameworks */,
			);
			sourceTree = "<group>";
		};
		4B9B344C29A239CD0006710C /* Products */ = {
			isa = PBXGroup;
			children = (
				4B9B344B29A239CD0006710C /* Yummy_App.app */,
			);
			name = Products;
			sourceTree = "<group>";
		};
		4B9B344D29A239CD0006710C /* Yummy_App */ = {
			isa = PBXGroup;
			children = (
				4BF1A58B29A3C83400222116 /* App */,
				4BF2AB9B29A505F4001AEF18 /* Views */,
				4BF1A58E29A3C88100222116 /* Extensions */,
				4B50C56A29A3DD0A0058D1CE /* Generated */,
				4B50C53829A3D8C20058D1CE /* Constants */,
				4B9862CB29A3E1D200FE406A /* Custom fonts */,
				4BF1A58A29A3C81600222116 /* Resources */,
				4BF1A57B29A3BDB400222116 /* Localizable */,
				4BD2F3BB29A3517F00126309 /* Assets */,
				4B9B345C29A239CE0006710C /* Info.plist */,
			);
			path = Yummy_App;
			sourceTree = "<group>";
		};
		4BD2F3BB29A3517F00126309 /* Assets */ = {
			isa = PBXGroup;
			children = (
				4B9B345729A239CE0006710C /* Media.xcassets */,
				4BF1A58629A3C05300222116 /* Colors.xcassets */,
			);
			path = Assets;
			sourceTree = "<group>";
		};
		4BDB8E2A29A667E500FA753F /* Cells */ = {
			isa = PBXGroup;
			children = (
				4BDB8E2B29A667FC00FA753F /* FoodCategoryCell.swift */,
				4BDB8E2D29A6680A00FA753F /* PopularDishesCell.swift */,
				4BDB8E2F29A6681900FA753F /* ChefsSpecialCell.swift */,
				4BDB8E3129A6690300FA753F /* HeaderView.swift */,
			);
			path = Cells;
			sourceTree = "<group>";
		};
		4BDB8E3329A68AD100FA753F /* Model */ = {
			isa = PBXGroup;
			children = (
				4BDB8E3429A68AE200FA753F /* FoodCategory.swift */,
				4BDB8E3A29A6981900FA753F /* Dish.swift */,
			);
			path = Model;
			sourceTree = "<group>";
		};
		4BF1A57B29A3BDB400222116 /* Localizable */ = {
			isa = PBXGroup;
			children = (
				4BF1A58029A3BE6700222116 /* Localizable.strings */,
			);
			path = Localizable;
			sourceTree = "<group>";
		};
		4BF1A58A29A3C81600222116 /* Resources */ = {
			isa = PBXGroup;
			children = (
				4B9B345929A239CE0006710C /* LaunchScreen.storyboard */,
				4B9B344E29A239CD0006710C /* AppDelegate.swift */,
				4B9B345029A239CD0006710C /* SceneDelegate.swift */,
			);
			path = Resources;
			sourceTree = "<group>";
		};
		4BF1A58B29A3C83400222116 /* App */ = {
			isa = PBXGroup;
			children = (
				4B50C52D29A3D17B0058D1CE /* Welcome page */,
				4BF1A58C29A3C83A00222116 /* Home page */,
			);
			path = App;
			sourceTree = "<group>";
		};
		4BF1A58C29A3C83A00222116 /* Home page */ = {
			isa = PBXGroup;
			children = (
				4BDB8E3329A68AD100FA753F /* Model */,
				4BF1A58D29A3C84700222116 /* View */,
			);
			path = "Home page";
			sourceTree = "<group>";
		};
		4BF1A58D29A3C84700222116 /* View */ = {
			isa = PBXGroup;
			children = (
				4BDB8E2A29A667E500FA753F /* Cells */,
				4B9B345229A239CD0006710C /* HomeVC.swift */,
				4BDB8E2629A6657D00FA753F /* FoodCollectionView.swift */,
			);
			path = View;
			sourceTree = "<group>";
		};
		4BF1A58E29A3C88100222116 /* Extensions */ = {
			isa = PBXGroup;
			children = (
				4BF1A58F29A3C89700222116 /* UIViewController.swift */,
				4B9862DA29A3E24E00FE406A /* Optional.swift */,
				4BDB8E3629A68CA200FA753F /* String.swift */,
			);
			path = Extensions;
			sourceTree = "<group>";
		};
		4BF2AB9B29A505F4001AEF18 /* Views */ = {
			isa = PBXGroup;
			children = (
				4B9862DC29A3E46100FE406A /* CapsuleButton.swift */,
			);
			path = Views;
			sourceTree = "<group>";
		};
		4BF2AB9C29A506B3001AEF18 /* Model */ = {
			isa = PBXGroup;
			children = (
				4BF2AB9D29A506C2001AEF18 /* OnboardingSlide.swift */,
			);
			path = Model;
			sourceTree = "<group>";
		};
		4BF2ABA229A50BED001AEF18 /* Cells */ = {
			isa = PBXGroup;
			children = (
				4BF2ABA329A50BFD001AEF18 /* OnboardingCell.swift */,
			);
			path = Cells;
			sourceTree = "<group>";
		};
		9011DA4CF6BD41E002386766 /* Pods */ = {
			isa = PBXGroup;
			children = (
				B658FC35432AB9257F3B49BD /* Pods-Yummy_App.debug.xcconfig */,
				A8092748224EA5F2C8700903 /* Pods-Yummy_App.release.xcconfig */,
			);
			path = Pods;
			sourceTree = "<group>";
		};
		D7D2F65C3DB7EEA0F864B3BF /* Frameworks */ = {
			isa = PBXGroup;
			children = (
				B3AEE7F1769A9D342A29076D /* Pods_Yummy_App.framework */,
			);
			name = Frameworks;
			sourceTree = "<group>";
		};
/* End PBXGroup section */

/* Begin PBXNativeTarget section */
		4B9B344A29A239CD0006710C /* Yummy_App */ = {
			isa = PBXNativeTarget;
			buildConfigurationList = 4B9B345F29A239CE0006710C /* Build configuration list for PBXNativeTarget "Yummy_App" */;
			buildPhases = (
				69265441193F75069518B9DC /* [CP] Check Pods Manifest.lock */,
				4BF1A58829A3C46D00222116 /* SwiftGen */,
				4B9B344729A239CD0006710C /* Sources */,
				4B9B344829A239CD0006710C /* Frameworks */,
				4B9B344929A239CD0006710C /* Resources */,
				C54F88BEE44549DCD02B28A2 /* [CP] Embed Pods Frameworks */,
			);
			buildRules = (
			);
			dependencies = (
			);
			name = Yummy_App;
			productName = Yummy_App;
			productReference = 4B9B344B29A239CD0006710C /* Yummy_App.app */;
			productType = "com.apple.product-type.application";
		};
/* End PBXNativeTarget section */

/* Begin PBXProject section */
		4B9B344329A239CD0006710C /* Project object */ = {
			isa = PBXProject;
			attributes = {
				BuildIndependentTargetsInParallel = 1;
				LastSwiftUpdateCheck = 1400;
				LastUpgradeCheck = 1400;
				TargetAttributes = {
					4B9B344A29A239CD0006710C = {
						CreatedOnToolsVersion = 14.0;
					};
				};
			};
			buildConfigurationList = 4B9B344629A239CD0006710C /* Build configuration list for PBXProject "Yummy_App" */;
			compatibilityVersion = "Xcode 14.0";
			developmentRegion = en;
			hasScannedForEncodings = 0;
			knownRegions = (
				en,
				Base,
				tr,
			);
			mainGroup = 4B9B344229A239CD0006710C;
			productRefGroup = 4B9B344C29A239CD0006710C /* Products */;
			projectDirPath = "";
			projectRoot = "";
			targets = (
				4B9B344A29A239CD0006710C /* Yummy_App */,
			);
		};
/* End PBXProject section */

/* Begin PBXResourcesBuildPhase section */
		4B9B344929A239CD0006710C /* Resources */ = {
			isa = PBXResourcesBuildPhase;
			buildActionMask = 2147483647;
			files = (
				4B9862D829A3E1E200FE406A /* OFL.txt in Resources */,
				4BF1A57E29A3BE6700222116 /* Localizable.strings in Resources */,
				4B9862D929A3E1E200FE406A /* README.txt in Resources */,
				4B9862D729A3E1E200FE406A /* Labrada-Bold.ttf in Resources */,
				4B9862D429A3E1E200FE406A /* Labrada-SemiBold.ttf in Resources */,
				4B9B345B29A239CE0006710C /* LaunchScreen.storyboard in Resources */,
				4B9862D629A3E1E200FE406A /* Labrada-Medium.ttf in Resources */,
				4B9B345829A239CE0006710C /* Media.xcassets in Resources */,
				4BF1A58729A3C05300222116 /* Colors.xcassets in Resources */,
				4B9862D529A3E1E200FE406A /* Labrada-Regular.ttf in Resources */,
				4BD2F3B829A34FE000126309 /* swiftgen.yml in Resources */,
			);
			runOnlyForDeploymentPostprocessing = 0;
		};
/* End PBXResourcesBuildPhase section */

/* Begin PBXShellScriptBuildPhase section */
		4BF1A58829A3C46D00222116 /* SwiftGen */ = {
			isa = PBXShellScriptBuildPhase;
			buildActionMask = 2147483647;
			files = (
			);
			inputFileListPaths = (
			);
			inputPaths = (
			);
			name = SwiftGen;
			outputFileListPaths = (
			);
			outputPaths = (
			);
			runOnlyForDeploymentPostprocessing = 0;
			shellPath = /bin/sh;
			shellScript = "# Type a script or drag a script file from your workspace to insert its path.\nswiftgen\n";
		};
		69265441193F75069518B9DC /* [CP] Check Pods Manifest.lock */ = {
			isa = PBXShellScriptBuildPhase;
			buildActionMask = 2147483647;
			files = (
			);
			inputFileListPaths = (
			);
			inputPaths = (
				"${PODS_PODFILE_DIR_PATH}/Podfile.lock",
				"${PODS_ROOT}/Manifest.lock",
			);
			name = "[CP] Check Pods Manifest.lock";
			outputFileListPaths = (
			);
			outputPaths = (
				"$(DERIVED_FILE_DIR)/Pods-Yummy_App-checkManifestLockResult.txt",
			);
			runOnlyForDeploymentPostprocessing = 0;
			shellPath = /bin/sh;
			shellScript = "diff \"${PODS_PODFILE_DIR_PATH}/Podfile.lock\" \"${PODS_ROOT}/Manifest.lock\" > /dev/null\nif [ $? != 0 ] ; then\n    # print error to STDERR\n    echo \"error: The sandbox is not in sync with the Podfile.lock. Run 'pod install' or update your CocoaPods installation.\" >&2\n    exit 1\nfi\n# This output is used by Xcode 'outputs' to avoid re-running this script phase.\necho \"SUCCESS\" > \"${SCRIPT_OUTPUT_FILE_0}\"\n";
			showEnvVarsInLog = 0;
		};
		C54F88BEE44549DCD02B28A2 /* [CP] Embed Pods Frameworks */ = {
			isa = PBXShellScriptBuildPhase;
			buildActionMask = 2147483647;
			files = (
			);
			inputFileListPaths = (
				"${PODS_ROOT}/Target Support Files/Pods-Yummy_App/Pods-Yummy_App-frameworks-${CONFIGURATION}-input-files.xcfilelist",
			);
			name = "[CP] Embed Pods Frameworks";
			outputFileListPaths = (
				"${PODS_ROOT}/Target Support Files/Pods-Yummy_App/Pods-Yummy_App-frameworks-${CONFIGURATION}-output-files.xcfilelist",
			);
			runOnlyForDeploymentPostprocessing = 0;
			shellPath = /bin/sh;
			shellScript = "\"${PODS_ROOT}/Target Support Files/Pods-Yummy_App/Pods-Yummy_App-frameworks.sh\"\n";
			showEnvVarsInLog = 0;
		};
/* End PBXShellScriptBuildPhase section */

/* Begin PBXSourcesBuildPhase section */
		4B9B344729A239CD0006710C /* Sources */ = {
			isa = PBXSourcesBuildPhase;
			buildActionMask = 2147483647;
			files = (
				4B9B345329A239CD0006710C /* HomeVC.swift in Sources */,
				4B9B344F29A239CD0006710C /* AppDelegate.swift in Sources */,
				4BDB8E3729A68CA200FA753F /* String.swift in Sources */,
				4B50C56E29A3DD0A0058D1CE /* Strings.swift in Sources */,
				4BDB8E2C29A667FC00FA753F /* FoodCategoryCell.swift in Sources */,
				4BF2ABA829A50EB2001AEF18 /* Functions.swift in Sources */,
				4B50C53029A3D1A40058D1CE /* WelcomeVCViewController.swift in Sources */,
				4BDB8E3B29A6981900FA753F /* Dish.swift in Sources */,
				4BDB8E2E29A6680A00FA753F /* PopularDishesCell.swift in Sources */,
				4BF1A59029A3C89700222116 /* UIViewController.swift in Sources */,
				4B9B345129A239CD0006710C /* SceneDelegate.swift in Sources */,
				4B9862DB29A3E24E00FE406A /* Optional.swift in Sources */,
				4BF2ABA629A50C46001AEF18 /* Enums.swift in Sources */,
				4B9862DD29A3E46100FE406A /* CapsuleButton.swift in Sources */,
				4BF2ABA429A50BFD001AEF18 /* OnboardingCell.swift in Sources */,
				4BDB8E3229A6690300FA753F /* HeaderView.swift in Sources */,
				4BDB8E2729A6657D00FA753F /* FoodCollectionView.swift in Sources */,
				4BF2AB9E29A506C2001AEF18 /* OnboardingSlide.swift in Sources */,
				4B50C57229A3DE100058D1CE /* Custom fonts.swift in Sources */,
				4BDB8E3529A68AE200FA753F /* FoodCategory.swift in Sources */,
				4B50C53429A3D6FB0058D1CE /* OnboardingView.swift in Sources */,
				4B50C56F29A3DD0A0058D1CE /* Fonts.swift in Sources */,
				4B50C57029A3DD0A0058D1CE /* XCAssets+Image+Generated.swift in Sources */,
				4BDB8E3029A6681900FA753F /* ChefsSpecialCell.swift in Sources */,
			);
			runOnlyForDeploymentPostprocessing = 0;
		};
/* End PBXSourcesBuildPhase section */

/* Begin PBXVariantGroup section */
		4B9B345929A239CE0006710C /* LaunchScreen.storyboard */ = {
			isa = PBXVariantGroup;
			children = (
				4B9B345A29A239CE0006710C /* Base */,
			);
			name = LaunchScreen.storyboard;
			sourceTree = "<group>";
		};
		4BF1A58029A3BE6700222116 /* Localizable.strings */ = {
			isa = PBXVariantGroup;
			children = (
				4BF1A57F29A3BE6700222116 /* en */,
				4BF1A58929A3C60B00222116 /* tr */,
			);
			name = Localizable.strings;
			sourceTree = "<group>";
		};
/* End PBXVariantGroup section */

/* Begin XCBuildConfiguration section */
		4B9B345D29A239CE0006710C /* Debug */ = {
			isa = XCBuildConfiguration;
			buildSettings = {
				ALWAYS_SEARCH_USER_PATHS = NO;
				CLANG_ANALYZER_LOCALIZABILITY_NONLOCALIZED = YES;
				CLANG_ANALYZER_NONNULL = YES;
				CLANG_ANALYZER_NUMBER_OBJECT_CONVERSION = YES_AGGRESSIVE;
				CLANG_CXX_LANGUAGE_STANDARD = "gnu++20";
				CLANG_ENABLE_MODULES = YES;
				CLANG_ENABLE_OBJC_ARC = YES;
				CLANG_ENABLE_OBJC_WEAK = YES;
				CLANG_WARN_BLOCK_CAPTURE_AUTORELEASING = YES;
				CLANG_WARN_BOOL_CONVERSION = YES;
				CLANG_WARN_COMMA = YES;
				CLANG_WARN_CONSTANT_CONVERSION = YES;
				CLANG_WARN_DEPRECATED_OBJC_IMPLEMENTATIONS = YES;
				CLANG_WARN_DIRECT_OBJC_ISA_USAGE = YES_ERROR;
				CLANG_WARN_DOCUMENTATION_COMMENTS = YES;
				CLANG_WARN_EMPTY_BODY = YES;
				CLANG_WARN_ENUM_CONVERSION = YES;
				CLANG_WARN_INFINITE_RECURSION = YES;
				CLANG_WARN_INT_CONVERSION = YES;
				CLANG_WARN_NON_LITERAL_NULL_CONVERSION = YES;
				CLANG_WARN_OBJC_IMPLICIT_RETAIN_SELF = YES;
				CLANG_WARN_OBJC_LITERAL_CONVERSION = YES;
				CLANG_WARN_OBJC_ROOT_CLASS = YES_ERROR;
				CLANG_WARN_QUOTED_INCLUDE_IN_FRAMEWORK_HEADER = YES;
				CLANG_WARN_RANGE_LOOP_ANALYSIS = YES;
				CLANG_WARN_STRICT_PROTOTYPES = YES;
				CLANG_WARN_SUSPICIOUS_MOVE = YES;
				CLANG_WARN_UNGUARDED_AVAILABILITY = YES_AGGRESSIVE;
				CLANG_WARN_UNREACHABLE_CODE = YES;
				CLANG_WARN__DUPLICATE_METHOD_MATCH = YES;
				COPY_PHASE_STRIP = NO;
				DEBUG_INFORMATION_FORMAT = dwarf;
				ENABLE_STRICT_OBJC_MSGSEND = YES;
				ENABLE_TESTABILITY = YES;
				GCC_C_LANGUAGE_STANDARD = gnu11;
				GCC_DYNAMIC_NO_PIC = NO;
				GCC_NO_COMMON_BLOCKS = YES;
				GCC_OPTIMIZATION_LEVEL = 0;
				GCC_PREPROCESSOR_DEFINITIONS = (
					"DEBUG=1",
					"$(inherited)",
				);
				GCC_WARN_64_TO_32_BIT_CONVERSION = YES;
				GCC_WARN_ABOUT_RETURN_TYPE = YES_ERROR;
				GCC_WARN_UNDECLARED_SELECTOR = YES;
				GCC_WARN_UNINITIALIZED_AUTOS = YES_AGGRESSIVE;
				GCC_WARN_UNUSED_FUNCTION = YES;
				GCC_WARN_UNUSED_VARIABLE = YES;
				IPHONEOS_DEPLOYMENT_TARGET = 16.0;
				MTL_ENABLE_DEBUG_INFO = INCLUDE_SOURCE;
				MTL_FAST_MATH = YES;
				ONLY_ACTIVE_ARCH = YES;
				SDKROOT = iphoneos;
				SWIFT_ACTIVE_COMPILATION_CONDITIONS = DEBUG;
				SWIFT_OPTIMIZATION_LEVEL = "-Onone";
			};
			name = Debug;
		};
		4B9B345E29A239CE0006710C /* Release */ = {
			isa = XCBuildConfiguration;
			buildSettings = {
				ALWAYS_SEARCH_USER_PATHS = NO;
				CLANG_ANALYZER_LOCALIZABILITY_NONLOCALIZED = YES;
				CLANG_ANALYZER_NONNULL = YES;
				CLANG_ANALYZER_NUMBER_OBJECT_CONVERSION = YES_AGGRESSIVE;
				CLANG_CXX_LANGUAGE_STANDARD = "gnu++20";
				CLANG_ENABLE_MODULES = YES;
				CLANG_ENABLE_OBJC_ARC = YES;
				CLANG_ENABLE_OBJC_WEAK = YES;
				CLANG_WARN_BLOCK_CAPTURE_AUTORELEASING = YES;
				CLANG_WARN_BOOL_CONVERSION = YES;
				CLANG_WARN_COMMA = YES;
				CLANG_WARN_CONSTANT_CONVERSION = YES;
				CLANG_WARN_DEPRECATED_OBJC_IMPLEMENTATIONS = YES;
				CLANG_WARN_DIRECT_OBJC_ISA_USAGE = YES_ERROR;
				CLANG_WARN_DOCUMENTATION_COMMENTS = YES;
				CLANG_WARN_EMPTY_BODY = YES;
				CLANG_WARN_ENUM_CONVERSION = YES;
				CLANG_WARN_INFINITE_RECURSION = YES;
				CLANG_WARN_INT_CONVERSION = YES;
				CLANG_WARN_NON_LITERAL_NULL_CONVERSION = YES;
				CLANG_WARN_OBJC_IMPLICIT_RETAIN_SELF = YES;
				CLANG_WARN_OBJC_LITERAL_CONVERSION = YES;
				CLANG_WARN_OBJC_ROOT_CLASS = YES_ERROR;
				CLANG_WARN_QUOTED_INCLUDE_IN_FRAMEWORK_HEADER = YES;
				CLANG_WARN_RANGE_LOOP_ANALYSIS = YES;
				CLANG_WARN_STRICT_PROTOTYPES = YES;
				CLANG_WARN_SUSPICIOUS_MOVE = YES;
				CLANG_WARN_UNGUARDED_AVAILABILITY = YES_AGGRESSIVE;
				CLANG_WARN_UNREACHABLE_CODE = YES;
				CLANG_WARN__DUPLICATE_METHOD_MATCH = YES;
				COPY_PHASE_STRIP = NO;
				DEBUG_INFORMATION_FORMAT = "dwarf-with-dsym";
				ENABLE_NS_ASSERTIONS = NO;
				ENABLE_STRICT_OBJC_MSGSEND = YES;
				GCC_C_LANGUAGE_STANDARD = gnu11;
				GCC_NO_COMMON_BLOCKS = YES;
				GCC_WARN_64_TO_32_BIT_CONVERSION = YES;
				GCC_WARN_ABOUT_RETURN_TYPE = YES_ERROR;
				GCC_WARN_UNDECLARED_SELECTOR = YES;
				GCC_WARN_UNINITIALIZED_AUTOS = YES_AGGRESSIVE;
				GCC_WARN_UNUSED_FUNCTION = YES;
				GCC_WARN_UNUSED_VARIABLE = YES;
				IPHONEOS_DEPLOYMENT_TARGET = 16.0;
				MTL_ENABLE_DEBUG_INFO = NO;
				MTL_FAST_MATH = YES;
				SDKROOT = iphoneos;
				SWIFT_COMPILATION_MODE = wholemodule;
				SWIFT_OPTIMIZATION_LEVEL = "-O";
				VALIDATE_PRODUCT = YES;
			};
			name = Release;
		};
		4B9B346029A239CE0006710C /* Debug */ = {
			isa = XCBuildConfiguration;
			baseConfigurationReference = B658FC35432AB9257F3B49BD /* Pods-Yummy_App.debug.xcconfig */;
			buildSettings = {
				ASSETCATALOG_COMPILER_APPICON_NAME = AppIcon;
				ASSETCATALOG_COMPILER_GLOBAL_ACCENT_COLOR_NAME = AccentColor;
				CODE_SIGN_STYLE = Automatic;
				CURRENT_PROJECT_VERSION = 1;
				DEVELOPMENT_TEAM = XKVWQB6CWU;
				GENERATE_INFOPLIST_FILE = YES;
				INFOPLIST_FILE = Yummy_App/Info.plist;
				INFOPLIST_KEY_UIApplicationSupportsIndirectInputEvents = YES;
				INFOPLIST_KEY_UILaunchStoryboardName = LaunchScreen;
				INFOPLIST_KEY_UIMainStoryboardFile = "";
				INFOPLIST_KEY_UISupportedInterfaceOrientations_iPad = "UIInterfaceOrientationPortrait UIInterfaceOrientationPortraitUpsideDown UIInterfaceOrientationLandscapeLeft UIInterfaceOrientationLandscapeRight";
				INFOPLIST_KEY_UISupportedInterfaceOrientations_iPhone = "UIInterfaceOrientationPortrait UIInterfaceOrientationLandscapeLeft UIInterfaceOrientationLandscapeRight";
				LD_RUNPATH_SEARCH_PATHS = (
					"$(inherited)",
					"@executable_path/Frameworks",
				);
				MARKETING_VERSION = 1.0;
				PRODUCT_BUNDLE_IDENTIFIER = "com.ismayilismayilov.Yummy-App";
				PRODUCT_NAME = "$(TARGET_NAME)";
				SWIFT_EMIT_LOC_STRINGS = YES;
				SWIFT_VERSION = 5.0;
				TARGETED_DEVICE_FAMILY = "1,2";
			};
			name = Debug;
		};
		4B9B346129A239CE0006710C /* Release */ = {
			isa = XCBuildConfiguration;
			baseConfigurationReference = A8092748224EA5F2C8700903 /* Pods-Yummy_App.release.xcconfig */;
			buildSettings = {
				ASSETCATALOG_COMPILER_APPICON_NAME = AppIcon;
				ASSETCATALOG_COMPILER_GLOBAL_ACCENT_COLOR_NAME = AccentColor;
				CODE_SIGN_STYLE = Automatic;
				CURRENT_PROJECT_VERSION = 1;
				DEVELOPMENT_TEAM = XKVWQB6CWU;
				GENERATE_INFOPLIST_FILE = YES;
				INFOPLIST_FILE = Yummy_App/Info.plist;
				INFOPLIST_KEY_UIApplicationSupportsIndirectInputEvents = YES;
				INFOPLIST_KEY_UILaunchStoryboardName = LaunchScreen;
				INFOPLIST_KEY_UIMainStoryboardFile = "";
				INFOPLIST_KEY_UISupportedInterfaceOrientations_iPad = "UIInterfaceOrientationPortrait UIInterfaceOrientationPortraitUpsideDown UIInterfaceOrientationLandscapeLeft UIInterfaceOrientationLandscapeRight";
				INFOPLIST_KEY_UISupportedInterfaceOrientations_iPhone = "UIInterfaceOrientationPortrait UIInterfaceOrientationLandscapeLeft UIInterfaceOrientationLandscapeRight";
				LD_RUNPATH_SEARCH_PATHS = (
					"$(inherited)",
					"@executable_path/Frameworks",
				);
				MARKETING_VERSION = 1.0;
				PRODUCT_BUNDLE_IDENTIFIER = "com.ismayilismayilov.Yummy-App";
				PRODUCT_NAME = "$(TARGET_NAME)";
				SWIFT_EMIT_LOC_STRINGS = YES;
				SWIFT_VERSION = 5.0;
				TARGETED_DEVICE_FAMILY = "1,2";
			};
			name = Release;
		};
/* End XCBuildConfiguration section */

/* Begin XCConfigurationList section */
		4B9B344629A239CD0006710C /* Build configuration list for PBXProject "Yummy_App" */ = {
			isa = XCConfigurationList;
			buildConfigurations = (
				4B9B345D29A239CE0006710C /* Debug */,
				4B9B345E29A239CE0006710C /* Release */,
			);
			defaultConfigurationIsVisible = 0;
			defaultConfigurationName = Release;
		};
		4B9B345F29A239CE0006710C /* Build configuration list for PBXNativeTarget "Yummy_App" */ = {
			isa = XCConfigurationList;
			buildConfigurations = (
				4B9B346029A239CE0006710C /* Debug */,
				4B9B346129A239CE0006710C /* Release */,
			);
			defaultConfigurationIsVisible = 0;
			defaultConfigurationName = Release;
		};
/* End XCConfigurationList section */
	};
	rootObject = 4B9B344329A239CD0006710C /* Project object */;
}
